{
  "lockfileVersion": 1,
  "configVersion": 1,
  "workspaces": {
    "": {
      "name": "app",
      "dependencies": {
        "@hotwired/stimulus": "^3.2.2",
        "@hotwired/turbo-rails": "https://github.com/hotwired/turbo-rails",
        "@livekit/track-processors": "^0.7.2",
        "@rails/actiontext": "^8.1.300",
        "@rails/request.js": "^0.0.13",
        "highlight.js": "^11.11.1",
        "livekit-client": "^2.18.0",
        "lucide": "^1.7.0",
        "tom-select": "^2.5.2",
        "trix": "2.0.10",
      },
    },
  },
  "packages": {
    "@bufbuild/protobuf": ["@bufbuild/protobuf@1.10.1", "", {}, "sha512-wJ8ReQbHxsAfXhrf9ixl0aYbZorRuOWpBNzm8pL8ftmSxQx/wnJD5Eg861NwJU/czy2VXFIebCeZnZrI9rktIQ=="],

    "@hotwired/stimulus": ["@hotwired/stimulus@3.2.2", "", {}, "sha512-eGeIqNOQpXoPAIP7tC1+1Yc1yl1xnwYqg+3mzqxyrbE5pg5YFBZcA6YoTiByJB6DKAEsiWtl6tjTJS4IYtbB7A=="],

    "@hotwired/turbo": ["@hotwired/turbo@8.0.23", "", {}, "sha512-GZ7cijxEZ6Ig71u7rD6LHaRv/wcE/hNsc+nEfiWOkLNqUgLOwo5MNGWOy5ZV9ZUDSiQx1no7YxjTNnT4O6//cQ=="],

    "@hotwired/turbo-rails": ["@hotwired/turbo-rails@github:hotwired/turbo-rails#435135b", { "dependencies": { "@hotwired/turbo": "^8.0.23", "@rails/actioncable": ">=7.0" } }, "hotwired-turbo-rails-435135b"],

    "@livekit/mutex": ["@livekit/mutex@1.1.1", "", {}, "sha512-EsshAucklmpuUAfkABPxJNhzj9v2sG7JuzFDL4ML1oJQSV14sqrpTYnsaOudMAw9yOaW53NU3QQTlUQoRs4czw=="],

    "@livekit/protocol": ["@livekit/protocol@1.44.0", "", { "dependencies": { "@bufbuild/protobuf": "^1.10.0" } }, "sha512-/vfhDUGcUKO8Q43r6i+5FrDhl5oZjm/X3U4x2Iciqvgn5C8qbj+57YPcWSJ1kyIZm5Cm6AV2nAPjMm3ETD/iyg=="],

    "@livekit/track-processors": ["@livekit/track-processors@0.7.2", "", { "dependencies": { "@mediapipe/tasks-vision": "0.10.14" }, "peerDependencies": { "@types/dom-mediacapture-transform": "^0.1.9", "livekit-client": "^1.12.0 || ^2.1.0" } }, "sha512-lzARBKTbBwqycdR/SwTu6//N0l20BzfDd7grxCXl07676SwRApNtZAK1GJjL1m3dCM3KBqH1aVxjMpNcbOw5uQ=="],

    "@mediapipe/tasks-vision": ["@mediapipe/tasks-vision@0.10.14", "", {}, "sha512-vOifgZhkndgybdvoRITzRkIueWWSiCKuEUXXK6Q4FaJsFvRJuwgg++vqFUMlL0Uox62U5aEXFhHxlhV7Ja5e3Q=="],

    "@orchidjs/sifter": ["@orchidjs/sifter@1.1.0", "", { "dependencies": { "@orchidjs/unicode-variants": "^1.1.2" } }, "sha512-mYwHCfr736cIWWdhhSZvDbf90AKt2xyrJspKFC3qyIJG1LtrJeJunYEqCGG4Aq2ijENbc4WkOjszcvNaIAS/pQ=="],

    "@orchidjs/unicode-variants": ["@orchidjs/unicode-variants@1.1.2", "", {}, "sha512-5DobW1CHgnBROOEpFlEXytED5OosEWESFvg/VYmH0143oXcijYTprRYJTs+55HzGM4IqxiLFSuqEzu9mPNwVsA=="],

    "@rails/actioncable": ["@rails/actioncable@8.1.300", "", {}, "sha512-zOENQsq3NM2jyBY6Z2qtZa3V/R/6OEqA+LGKixQbBMl7kk/J3FXDRcszPe74LsHNgB01jCl/DXu/xA8sHt4I/g=="],

    "@rails/actiontext": ["@rails/actiontext@8.1.300", "", { "dependencies": { "@rails/activestorage": ">= 8.1.0-alpha" }, "peerDependencies": { "trix": "^2.0.0" } }, "sha512-KPbLfZTt6aFKbdeTlU7ZzmX0uSSNhhfZx3G+2lfa6HltQ/r23HDcJnJOEVt72WKJo13IS5C5HK0sYwplVMCdNw=="],

    "@rails/activestorage": ["@rails/activestorage@8.1.300", "", { "dependencies": { "spark-md5": "^3.0.1" } }, "sha512-AOv3zZrTJjQlzm4L9uzOQtCz6zaM4IqUyux6yzSqmS+PZ8EzwD1F2JAc4LlJNJAv4MSyNYriG+CaCm1QbQTjsA=="],

    "@rails/request.js": ["@rails/request.js@0.0.13", "", {}, "sha512-7MXmjFOPuaxpjG8brqKJG0EfIe9ak6R0wRnjCBtRuADNFbdlRxETdKx1T5NVU4Ato3iZOkEpeSUEuLboL3tCGA=="],

    "@types/dom-mediacapture-record": ["@types/dom-mediacapture-record@1.0.22", "", {}, "sha512-mUMZLK3NvwRLcAAT9qmcK+9p7tpU2FHdDsntR3YI4+GY88XrgG4XiE7u1Q2LAN2/FZOz/tdMDC3GQCR4T8nFuw=="],

    "@types/dom-mediacapture-transform": ["@types/dom-mediacapture-transform@0.1.11", "", { "dependencies": { "@types/dom-webcodecs": "*" } }, "sha512-Y2p+nGf1bF2XMttBnsVPHUWzRRZzqUoJAKmiP10b5umnO6DDrWI0BrGDJy1pOHoOULVmGSfFNkQrAlC5dcj6nQ=="],

    "@types/dom-webcodecs": ["@types/dom-webcodecs@0.1.18", "", {}, "sha512-vAvE8C9DGWR+tkb19xyjk1TSUlJ7RUzzp4a9Anu7mwBT+fpyePWK1UxmH14tMO5zHmrnrRIMg5NutnnDztLxgg=="],

    "events": ["events@3.3.0", "", {}, "sha512-mQw+2fkQbALzQ7V0MY0IqdnXNOeTtP4r0lN9z7AAawCXgqea7bDii20AYrIBrFd/Hx0M2Ocz6S111CaFkUcb0Q=="],

    "highlight.js": ["highlight.js@11.11.1", "", {}, "sha512-Xwwo44whKBVCYoliBQwaPvtd/2tYFkRQtXDWj1nackaV2JPXx3L0+Jvd8/qCJ2p+ML0/XVkJ2q+Mr+UVdpJK5w=="],

    "jose": ["jose@6.2.2", "", {}, "sha512-d7kPDd34KO/YnzaDOlikGpOurfF0ByC2sEV4cANCtdqLlTfBlw2p14O/5d/zv40gJPbIQxfES3nSx1/oYNyuZQ=="],

    "livekit-client": ["livekit-client@2.18.0", "", { "dependencies": { "@livekit/mutex": "1.1.1", "@livekit/protocol": "1.44.0", "events": "^3.3.0", "jose": "^6.1.0", "loglevel": "^1.9.2", "sdp-transform": "^2.15.0", "tslib": "2.8.1", "typed-emitter": "^2.1.0", "webrtc-adapter": "^9.0.1" }, "peerDependencies": { "@types/dom-mediacapture-record": "^1" } }, "sha512-wjH4y0rw5fnkPmmaxutPhD4XcAq6goQszS8lw9PEpGXVwiRE6sI/ZH+mOT/s8AHJnEC3tjmfiMZ4MQt8BlaWew=="],

    "loglevel": ["loglevel@1.9.2", "", {}, "sha512-HgMmCqIJSAKqo68l0rS2AanEWfkxaZ5wNiEFb5ggm08lDs9Xl2KxBlX3PTcaD2chBM1gXAYf491/M2Rv8Jwayg=="],

    "lucide": ["lucide@1.7.0", "", {}, "sha512-aYNogbuIxea3a8offpKjdMGf2FsUk9GECFh0B4iJgXlJOX41+7/ncvLVluKki8477SoybEdyGGf+qGYLBDiEsA=="],

    "rxjs": ["rxjs@7.8.2", "", { "dependencies": { "tslib": "^2.1.0" } }, "sha512-dhKf903U/PQZY6boNNtAGdWbG85WAbjT/1xYoZIC7FAY0yWapOBQVsVrDl58W86//e1VpMNBtRV4MaXfdMySFA=="],

    "sdp": ["sdp@3.2.1", "", {}, "sha512-lwsAIzOPlH8/7IIjjz3K0zYBk7aBVVcvjMwt3M4fLxpjMYyy7i3I97SLHebgn4YBjirkzfp3RvRDWSKsh/+WFw=="],

    "sdp-transform": ["sdp-transform@2.15.0", "", { "bin": { "sdp-verify": "checker.js" } }, "sha512-KrOH82c/W+GYQ0LHqtr3caRpM3ITglq3ljGUIb8LTki7ByacJZ9z+piSGiwZDsRyhQbYBOBJgr2k6X4BZXi3Kw=="],

    "spark-md5": ["spark-md5@3.0.2", "", {}, "sha512-wcFzz9cDfbuqe0FZzfi2or1sgyIrsDwmPwfZC4hiNidPdPINjeUwNfv5kldczoEAcjl9Y1L3SM7Uz2PUEQzxQw=="],

    "tom-select": ["tom-select@2.5.2", "", { "dependencies": { "@orchidjs/sifter": "^1.1.0", "@orchidjs/unicode-variants": "^1.1.2" } }, "sha512-VAlGj5MBWVLMJje2NwA3XSmxa7CUFpp1tdzFZ8wymCkcLeP0NwF4ARmSuUK4BWbmSN1fETlSazWkMIxEpP4GdQ=="],

    "trix": ["trix@2.0.10", "", {}, "sha512-a24w8rNVL+g9nDDdiDZwQVQ9AEWiXAmk9r0ZbwimczJi/xlaM+m0d6upAi0vysDNu0HsiYDFS1/VrR7HbX0Aig=="],

    "tslib": ["tslib@2.8.1", "", {}, "sha512-oJFu94HQb+KVduSUQL7wnpmqnfmLsOA/nAh6b6EH0wCEoK0/mPeXU6c3wKDV83MkOuHPRHtSXKKU99IBazS/2w=="],

    "typed-emitter": ["typed-emitter@2.1.0", "", { "optionalDependencies": { "rxjs": "*" } }, "sha512-g/KzbYKbH5C2vPkaXGu8DJlHrGKHLsM25Zg9WuC9pMGfuvT+X25tZQWo5fK1BjBm8+UrVE9LDCvaY0CQk+fXDA=="],

    "webrtc-adapter": ["webrtc-adapter@9.0.4", "", { "dependencies": { "sdp": "^3.2.0" } }, "sha512-5ZZY1+lGq8LEKuDlg9M2RPJHlH3R7OVwyHqMcUsLKCgd9Wvf+QrFTCItkXXYPmrJn8H6gRLXbSgxLLdexiqHxw=="],
  }
}
